// !$*UTF8*$!
{
	archiveVersion = 1;
	classes = {
	};
	objectVersion = 46;
	objects = {

/* Begin PBXBuildFile section */
		49A30C561CC7975700359888 /* AppDelegate.swift in Sources */ = {isa = PBXBuildFile; fileRef = 49A30C551CC7975700359888 /* AppDelegate.swift */; };
		49A30C581CC7975700359888 /* ViewController.swift in Sources */ = {isa = PBXBuildFile; fileRef = 49A30C571CC7975700359888 /* ViewController.swift */; };
		49A30C5B1CC7975700359888 /* Main.storyboard in Resources */ = {isa = PBXBuildFile; fileRef = 49A30C591CC7975700359888 /* Main.storyboard */; };
		49A30C5D1CC7975700359888 /* Assets.xcassets in Resources */ = {isa = PBXBuildFile; fileRef = 49A30C5C1CC7975700359888 /* Assets.xcassets */; };
		49A30C601CC7975700359888 /* LaunchScreen.storyboard in Resources */ = {isa = PBXBuildFile; fileRef = 49A30C5E1CC7975700359888 /* LaunchScreen.storyboard */; };
		49A30C6B1CC7975800359888 /* MinesweeperTests.swift in Sources */ = {isa = PBXBuildFile; fileRef = 49A30C6A1CC7975800359888 /* MinesweeperTests.swift */; };
		49A30C761CC7975800359888 /* MinesweeperUITests.swift in Sources */ = {isa = PBXBuildFile; fileRef = 49A30C751CC7975800359888 /* MinesweeperUITests.swift */; };
		49A30C7B1CC7975800359888 /* Minesweeper WatchKit App.app in Embed Watch Content */ = {isa = PBXBuildFile; fileRef = 49A30C7A1CC7975800359888 /* Minesweeper WatchKit App.app */; };
		49A30C811CC7975800359888 /* Interface.storyboard in Resources */ = {isa = PBXBuildFile; fileRef = 49A30C7F1CC7975800359888 /* Interface.storyboard */; };
		49A30C831CC7975800359888 /* Assets.xcassets in Resources */ = {isa = PBXBuildFile; fileRef = 49A30C821CC7975800359888 /* Assets.xcassets */; };
		49A30C8A1CC7975800359888 /* Minesweeper WatchKit Extension.appex in Embed App Extensions */ = {isa = PBXBuildFile; fileRef = 49A30C891CC7975800359888 /* Minesweeper WatchKit Extension.appex */; settings = {ATTRIBUTES = (RemoveHeadersOnCopy, ); }; };
		49A30C8F1CC7975800359888 /* InterfaceController.swift in Sources */ = {isa = PBXBuildFile; fileRef = 49A30C8E1CC7975800359888 /* InterfaceController.swift */; };
		49A30C911CC7975800359888 /* ExtensionDelegate.swift in Sources */ = {isa = PBXBuildFile; fileRef = 49A30C901CC7975800359888 /* ExtensionDelegate.swift */; };
		49A30C931CC7975800359888 /* Assets.xcassets in Resources */ = {isa = PBXBuildFile; fileRef = 49A30C921CC7975800359888 /* Assets.xcassets */; };
		49A30CA91CC79B8000359888 /* Minesweeper.swift in Sources */ = {isa = PBXBuildFile; fileRef = 49A30CA81CC79B8000359888 /* Minesweeper.swift */; };
		49A30CAA1CC79B8000359888 /* Minesweeper.swift in Sources */ = {isa = PBXBuildFile; fileRef = 49A30CA81CC79B8000359888 /* Minesweeper.swift */; };
		49A30CAC1CC7D27B00359888 /* Point.swift in Sources */ = {isa = PBXBuildFile; fileRef = 49A30CAB1CC7D27B00359888 /* Point.swift */; };
		49A30CAD1CC7D27B00359888 /* Point.swift in Sources */ = {isa = PBXBuildFile; fileRef = 49A30CAB1CC7D27B00359888 /* Point.swift */; };
/* End PBXBuildFile section */

/* Begin PBXContainerItemProxy section */
		49A30C671CC7975800359888 /* PBXContainerItemProxy */ = {
			isa = PBXContainerItemProxy;
			containerPortal = 49A30C4A1CC7975700359888 /* Project object */;
			proxyType = 1;
			remoteGlobalIDString = 49A30C511CC7975700359888;
			remoteInfo = Minesweeper;
		};
		49A30C721CC7975800359888 /* PBXContainerItemProxy */ = {
			isa = PBXContainerItemProxy;
			containerPortal = 49A30C4A1CC7975700359888 /* Project object */;
			proxyType = 1;
			remoteGlobalIDString = 49A30C511CC7975700359888;
			remoteInfo = Minesweeper;
		};
		49A30C7C1CC7975800359888 /* PBXContainerItemProxy */ = {
			isa = PBXContainerItemProxy;
			containerPortal = 49A30C4A1CC7975700359888 /* Project object */;
			proxyType = 1;
			remoteGlobalIDString = 49A30C791CC7975800359888;
			remoteInfo = "Minesweeper WatchKit App";
		};
		49A30C8B1CC7975800359888 /* PBXContainerItemProxy */ = {
			isa = PBXContainerItemProxy;
			containerPortal = 49A30C4A1CC7975700359888 /* Project object */;
			proxyType = 1;
			remoteGlobalIDString = 49A30C881CC7975800359888;
			remoteInfo = "Minesweeper WatchKit Extension";
		};
/* End PBXContainerItemProxy section */

/* Begin PBXCopyFilesBuildPhase section */
		49A30C9A1CC7975900359888 /* Embed App Extensions */ = {
			isa = PBXCopyFilesBuildPhase;
			buildActionMask = 2147483647;
			dstPath = "";
			dstSubfolderSpec = 13;
			files = (
				49A30C8A1CC7975800359888 /* Minesweeper WatchKit Extension.appex in Embed App Extensions */,
			);
			name = "Embed App Extensions";
			runOnlyForDeploymentPostprocessing = 0;
		};
		49A30C9E1CC7975900359888 /* Embed Watch Content */ = {
			isa = PBXCopyFilesBuildPhase;
			buildActionMask = 2147483647;
			dstPath = "$(CONTENTS_FOLDER_PATH)/Watch";
			dstSubfolderSpec = 16;
			files = (
				49A30C7B1CC7975800359888 /* Minesweeper WatchKit App.app in Embed Watch Content */,
			);
			name = "Embed Watch Content";
			runOnlyForDeploymentPostprocessing = 0;
		};
/* End PBXCopyFilesBuildPhase section */

/* Begin PBXFileReference section */
		49A30C521CC7975700359888 /* Minesweeper.app */ = {isa = PBXFileReference; explicitFileType = wrapper.application; includeInIndex = 0; path = Minesweeper.app; sourceTree = BUILT_PRODUCTS_DIR; };
		49A30C551CC7975700359888 /* AppDelegate.swift */ = {isa = PBXFileReference; lastKnownFileType = sourcecode.swift; path = AppDelegate.swift; sourceTree = "<group>"; };
		49A30C571CC7975700359888 /* ViewController.swift */ = {isa = PBXFileReference; lastKnownFileType = sourcecode.swift; path = ViewController.swift; sourceTree = "<group>"; };
		49A30C5A1CC7975700359888 /* Base */ = {isa = PBXFileReference; lastKnownFileType = file.storyboard; name = Base; path = Base.lproj/Main.storyboard; sourceTree = "<group>"; };
		49A30C5C1CC7975700359888 /* Assets.xcassets */ = {isa = PBXFileReference; lastKnownFileType = folder.assetcatalog; path = Assets.xcassets; sourceTree = "<group>"; };
		49A30C5F1CC7975700359888 /* Base */ = {isa = PBXFileReference; lastKnownFileType = file.storyboard; name = Base; path = Base.lproj/LaunchScreen.storyboard; sourceTree = "<group>"; };
		49A30C611CC7975700359888 /* Info.plist */ = {isa = PBXFileReference; lastKnownFileType = text.plist.xml; path = Info.plist; sourceTree = "<group>"; };
		49A30C661CC7975800359888 /* MinesweeperTests.xctest */ = {isa = PBXFileReference; explicitFileType = wrapper.cfbundle; includeInIndex = 0; path = MinesweeperTests.xctest; sourceTree = BUILT_PRODUCTS_DIR; };
		49A30C6A1CC7975800359888 /* MinesweeperTests.swift */ = {isa = PBXFileReference; lastKnownFileType = sourcecode.swift; path = MinesweeperTests.swift; sourceTree = "<group>"; };
		49A30C6C1CC7975800359888 /* Info.plist */ = {isa = PBXFileReference; lastKnownFileType = text.plist.xml; path = Info.plist; sourceTree = "<group>"; };
		49A30C711CC7975800359888 /* MinesweeperUITests.xctest */ = {isa = PBXFileReference; explicitFileType = wrapper.cfbundle; includeInIndex = 0; path = MinesweeperUITests.xctest; sourceTree = BUILT_PRODUCTS_DIR; };
		49A30C751CC7975800359888 /* MinesweeperUITests.swift */ = {isa = PBXFileReference; lastKnownFileType = sourcecode.swift; path = MinesweeperUITests.swift; sourceTree = "<group>"; };
		49A30C771CC7975800359888 /* Info.plist */ = {isa = PBXFileReference; lastKnownFileType = text.plist.xml; path = Info.plist; sourceTree = "<group>"; };
		49A30C7A1CC7975800359888 /* Minesweeper WatchKit App.app */ = {isa = PBXFileReference; explicitFileType = wrapper.application; includeInIndex = 0; path = "Minesweeper WatchKit App.app"; sourceTree = BUILT_PRODUCTS_DIR; };
		49A30C801CC7975800359888 /* Base */ = {isa = PBXFileReference; lastKnownFileType = file.storyboard; name = Base; path = Base.lproj/Interface.storyboard; sourceTree = "<group>"; };
		49A30C821CC7975800359888 /* Assets.xcassets */ = {isa = PBXFileReference; lastKnownFileType = folder.assetcatalog; path = Assets.xcassets; sourceTree = "<group>"; };
		49A30C841CC7975800359888 /* Info.plist */ = {isa = PBXFileReference; lastKnownFileType = text.plist.xml; path = Info.plist; sourceTree = "<group>"; };
		49A30C891CC7975800359888 /* Minesweeper WatchKit Extension.appex */ = {isa = PBXFileReference; explicitFileType = "wrapper.app-extension"; includeInIndex = 0; path = "Minesweeper WatchKit Extension.appex"; sourceTree = BUILT_PRODUCTS_DIR; };
		49A30C8E1CC7975800359888 /* InterfaceController.swift */ = {isa = PBXFileReference; lastKnownFileType = sourcecode.swift; path = InterfaceController.swift; sourceTree = "<group>"; };
		49A30C901CC7975800359888 /* ExtensionDelegate.swift */ = {isa = PBXFileReference; lastKnownFileType = sourcecode.swift; path = ExtensionDelegate.swift; sourceTree = "<group>"; };
		49A30C921CC7975800359888 /* Assets.xcassets */ = {isa = PBXFileReference; lastKnownFileType = folder.assetcatalog; path = Assets.xcassets; sourceTree = "<group>"; };
		49A30C941CC7975900359888 /* Info.plist */ = {isa = PBXFileReference; lastKnownFileType = text.plist.xml; path = Info.plist; sourceTree = "<group>"; };
		49A30CA81CC79B8000359888 /* Minesweeper.swift */ = {isa = PBXFileReference; fileEncoding = 4; lastKnownFileType = sourcecode.swift; name = Minesweeper.swift; path = "Minesweeper WatchKit App/Minesweeper.swift"; sourceTree = SOURCE_ROOT; };
		49A30CAB1CC7D27B00359888 /* Point.swift */ = {isa = PBXFileReference; fileEncoding = 4; lastKnownFileType = sourcecode.swift; path = Point.swift; sourceTree = "<group>"; };
/* End PBXFileReference section */

/* Begin PBXFrameworksBuildPhase section */
		49A30C4F1CC7975700359888 /* Frameworks */ = {
			isa = PBXFrameworksBuildPhase;
			buildActionMask = 2147483647;
			files = (
			);
			runOnlyForDeploymentPostprocessing = 0;
		};
		49A30C631CC7975800359888 /* Frameworks */ = {
			isa = PBXFrameworksBuildPhase;
			buildActionMask = 2147483647;
			files = (
			);
			runOnlyForDeploymentPostprocessing = 0;
		};
		49A30C6E1CC7975800359888 /* Frameworks */ = {
			isa = PBXFrameworksBuildPhase;
			buildActionMask = 2147483647;
			files = (
			);
			runOnlyForDeploymentPostprocessing = 0;
		};
		49A30C861CC7975800359888 /* Frameworks */ = {
			isa = PBXFrameworksBuildPhase;
			buildActionMask = 2147483647;
			files = (
			);
			runOnlyForDeploymentPostprocessing = 0;
		};
/* End PBXFrameworksBuildPhase section */

/* Begin PBXGroup section */
		49A30C491CC7975700359888 = {
			isa = PBXGroup;
			children = (
				49A30C541CC7975700359888 /* Minesweeper */,
				49A30C691CC7975800359888 /* MinesweeperTests */,
				49A30C741CC7975800359888 /* MinesweeperUITests */,
				49A30C7E1CC7975800359888 /* Minesweeper WatchKit App */,
				49A30C8D1CC7975800359888 /* Minesweeper WatchKit Extension */,
				49A30C531CC7975700359888 /* Products */,
			);
			sourceTree = "<group>";
		};
		49A30C531CC7975700359888 /* Products */ = {
			isa = PBXGroup;
			children = (
				49A30C521CC7975700359888 /* Minesweeper.app */,
				49A30C661CC7975800359888 /* MinesweeperTests.xctest */,
				49A30C711CC7975800359888 /* MinesweeperUITests.xctest */,
				49A30C7A1CC7975800359888 /* Minesweeper WatchKit App.app */,
				49A30C891CC7975800359888 /* Minesweeper WatchKit Extension.appex */,
			);
			name = Products;
			sourceTree = "<group>";
		};
		49A30C541CC7975700359888 /* Minesweeper */ = {
			isa = PBXGroup;
			children = (
				49A30CA81CC79B8000359888 /* Minesweeper.swift */,
				49A30CAB1CC7D27B00359888 /* Point.swift */,
				49A30C551CC7975700359888 /* AppDelegate.swift */,
				49A30C571CC7975700359888 /* ViewController.swift */,
				49A30C591CC7975700359888 /* Main.storyboard */,
				49A30C5C1CC7975700359888 /* Assets.xcassets */,
				49A30C5E1CC7975700359888 /* LaunchScreen.storyboard */,
				49A30C611CC7975700359888 /* Info.plist */,
			);
			path = Minesweeper;
			sourceTree = "<group>";
		};
		49A30C691CC7975800359888 /* MinesweeperTests */ = {
			isa = PBXGroup;
			children = (
				49A30C6A1CC7975800359888 /* MinesweeperTests.swift */,
				49A30C6C1CC7975800359888 /* Info.plist */,
			);
			path = MinesweeperTests;
			sourceTree = "<group>";
		};
		49A30C741CC7975800359888 /* MinesweeperUITests */ = {
			isa = PBXGroup;
			children = (
				49A30C751CC7975800359888 /* MinesweeperUITests.swift */,
				49A30C771CC7975800359888 /* Info.plist */,
			);
			path = MinesweeperUITests;
			sourceTree = "<group>";
		};
		49A30C7E1CC7975800359888 /* Minesweeper WatchKit App */ = {
			isa = PBXGroup;
			children = (
				49A30C7F1CC7975800359888 /* Interface.storyboard */,
				49A30C821CC7975800359888 /* Assets.xcassets */,
				49A30C841CC7975800359888 /* Info.plist */,
			);
			path = "Minesweeper WatchKit App";
			sourceTree = "<group>";
		};
		49A30C8D1CC7975800359888 /* Minesweeper WatchKit Extension */ = {
			isa = PBXGroup;
			children = (
				49A30C8E1CC7975800359888 /* InterfaceController.swift */,
				49A30C901CC7975800359888 /* ExtensionDelegate.swift */,
				49A30C921CC7975800359888 /* Assets.xcassets */,
				49A30C941CC7975900359888 /* Info.plist */,
			);
			path = "Minesweeper WatchKit Extension";
			sourceTree = "<group>";
		};
/* End PBXGroup section */

/* Begin PBXNativeTarget section */
		49A30C511CC7975700359888 /* Minesweeper */ = {
			isa = PBXNativeTarget;
			buildConfigurationList = 49A30C9F1CC7975900359888 /* Build configuration list for PBXNativeTarget "Minesweeper" */;
			buildPhases = (
				49A30C4E1CC7975700359888 /* Sources */,
				49A30C4F1CC7975700359888 /* Frameworks */,
				49A30C501CC7975700359888 /* Resources */,
				49A30C9E1CC7975900359888 /* Embed Watch Content */,
			);
			buildRules = (
			);
			dependencies = (
				49A30C7D1CC7975800359888 /* PBXTargetDependency */,
			);
			name = Minesweeper;
			productName = Minesweeper;
			productReference = 49A30C521CC7975700359888 /* Minesweeper.app */;
			productType = "com.apple.product-type.application";
		};
		49A30C651CC7975800359888 /* MinesweeperTests */ = {
			isa = PBXNativeTarget;
			buildConfigurationList = 49A30CA21CC7975900359888 /* Build configuration list for PBXNativeTarget "MinesweeperTests" */;
			buildPhases = (
				49A30C621CC7975800359888 /* Sources */,
				49A30C631CC7975800359888 /* Frameworks */,
				49A30C641CC7975800359888 /* Resources */,
			);
			buildRules = (
			);
			dependencies = (
				49A30C681CC7975800359888 /* PBXTargetDependency */,
			);
			name = MinesweeperTests;
			productName = MinesweeperTests;
			productReference = 49A30C661CC7975800359888 /* MinesweeperTests.xctest */;
			productType = "com.apple.product-type.bundle.unit-test";
		};
		49A30C701CC7975800359888 /* MinesweeperUITests */ = {
			isa = PBXNativeTarget;
			buildConfigurationList = 49A30CA51CC7975900359888 /* Build configuration list for PBXNativeTarget "MinesweeperUITests" */;
			buildPhases = (
				49A30C6D1CC7975800359888 /* Sources */,
				49A30C6E1CC7975800359888 /* Frameworks */,
				49A30C6F1CC7975800359888 /* Resources */,
			);
			buildRules = (
			);
			dependencies = (
				49A30C731CC7975800359888 /* PBXTargetDependency */,
			);
			name = MinesweeperUITests;
			productName = MinesweeperUITests;
			productReference = 49A30C711CC7975800359888 /* MinesweeperUITests.xctest */;
			productType = "com.apple.product-type.bundle.ui-testing";
		};
		49A30C791CC7975800359888 /* Minesweeper WatchKit App */ = {
			isa = PBXNativeTarget;
			buildConfigurationList = 49A30C9B1CC7975900359888 /* Build configuration list for PBXNativeTarget "Minesweeper WatchKit App" */;
			buildPhases = (
				49A30C781CC7975800359888 /* Resources */,
				49A30C9A1CC7975900359888 /* Embed App Extensions */,
			);
			buildRules = (
			);
			dependencies = (
				49A30C8C1CC7975800359888 /* PBXTargetDependency */,
			);
			name = "Minesweeper WatchKit App";
			productName = "Minesweeper WatchKit App";
			productReference = 49A30C7A1CC7975800359888 /* Minesweeper WatchKit App.app */;
			productType = "com.apple.product-type.application.watchapp2";
		};
		49A30C881CC7975800359888 /* Minesweeper WatchKit Extension */ = {
			isa = PBXNativeTarget;
			buildConfigurationList = 49A30C971CC7975900359888 /* Build configuration list for PBXNativeTarget "Minesweeper WatchKit Extension" */;
			buildPhases = (
				49A30C851CC7975800359888 /* Sources */,
				49A30C861CC7975800359888 /* Frameworks */,
				49A30C871CC7975800359888 /* Resources */,
			);
			buildRules = (
			);
			dependencies = (
			);
			name = "Minesweeper WatchKit Extension";
			productName = "Minesweeper WatchKit Extension";
			productReference = 49A30C891CC7975800359888 /* Minesweeper WatchKit Extension.appex */;
			productType = "com.apple.product-type.watchkit2-extension";
		};
/* End PBXNativeTarget section */

/* Begin PBXProject section */
		49A30C4A1CC7975700359888 /* Project object */ = {
			isa = PBXProject;
			attributes = {
				LastSwiftUpdateCheck = 0720;
				LastUpgradeCheck = 1010;
				ORGANIZATIONNAME = "Andrew Muncey";
				TargetAttributes = {
					49A30C511CC7975700359888 = {
						CreatedOnToolsVersion = 7.2.1;
						DevelopmentTeam = FH8M85Z3U4;
						LastSwiftMigration = 0910;
					};
					49A30C651CC7975800359888 = {
						CreatedOnToolsVersion = 7.2.1;
						TestTargetID = 49A30C511CC7975700359888;
					};
					49A30C701CC7975800359888 = {
						CreatedOnToolsVersion = 7.2.1;
						TestTargetID = 49A30C511CC7975700359888;
					};
					49A30C791CC7975800359888 = {
						CreatedOnToolsVersion = 7.2.1;
						DevelopmentTeam = FH8M85Z3U4;
						LastSwiftMigration = 0910;
					};
					49A30C881CC7975800359888 = {
						CreatedOnToolsVersion = 7.2.1;
						DevelopmentTeam = FH8M85Z3U4;
						LastSwiftMigration = 0910;
					};
				};
			};
			buildConfigurationList = 49A30C4D1CC7975700359888 /* Build configuration list for PBXProject "Minesweeper" */;
			compatibilityVersion = "Xcode 3.2";
			developmentRegion = English;
			hasScannedForEncodings = 0;
			knownRegions = (
				en,
				Base,
			);
			mainGroup = 49A30C491CC7975700359888;
			productRefGroup = 49A30C531CC7975700359888 /* Products */;
			projectDirPath = "";
			projectRoot = "";
			targets = (
				49A30C511CC7975700359888 /* Minesweeper */,
				49A30C651CC7975800359888 /* MinesweeperTests */,
				49A30C701CC7975800359888 /* MinesweeperUITests */,
				49A30C791CC7975800359888 /* Minesweeper WatchKit App */,
				49A30C881CC7975800359888 /* Minesweeper WatchKit Extension */,
			);
		};
/* End PBXProject section */

/* Begin PBXResourcesBuildPhase section */
		49A30C501CC7975700359888 /* Resources */ = {
			isa = PBXResourcesBuildPhase;
			buildActionMask = 2147483647;
			files = (
				49A30C601CC7975700359888 /* LaunchScreen.storyboard in Resources */,
				49A30C5D1CC7975700359888 /* Assets.xcassets in Resources */,
				49A30C5B1CC7975700359888 /* Main.storyboard in Resources */,
			);
			runOnlyForDeploymentPostprocessing = 0;
		};
		49A30C641CC7975800359888 /* Resources */ = {
			isa = PBXResourcesBuildPhase;
			buildActionMask = 2147483647;
			files = (
			);
			runOnlyForDeploymentPostprocessing = 0;
		};
		49A30C6F1CC7975800359888 /* Resources */ = {
			isa = PBXResourcesBuildPhase;
			buildActionMask = 2147483647;
			files = (
			);
			runOnlyForDeploymentPostprocessing = 0;
		};
		49A30C781CC7975800359888 /* Resources */ = {
			isa = PBXResourcesBuildPhase;
			buildActionMask = 2147483647;
			files = (
				49A30C831CC7975800359888 /* Assets.xcassets in Resources */,
				49A30C811CC7975800359888 /* Interface.storyboard in Resources */,
			);
			runOnlyForDeploymentPostprocessing = 0;
		};
		49A30C871CC7975800359888 /* Resources */ = {
			isa = PBXResourcesBuildPhase;
			buildActionMask = 2147483647;
			files = (
				49A30C931CC7975800359888 /* Assets.xcassets in Resources */,
			);
			runOnlyForDeploymentPostprocessing = 0;
		};
/* End PBXResourcesBuildPhase section */

/* Begin PBXSourcesBuildPhase section */
		49A30C4E1CC7975700359888 /* Sources */ = {
			isa = PBXSourcesBuildPhase;
			buildActionMask = 2147483647;
			files = (
				49A30CAC1CC7D27B00359888 /* Point.swift in Sources */,
				49A30CA91CC79B8000359888 /* Minesweeper.swift in Sources */,
				49A30C581CC7975700359888 /* ViewController.swift in Sources */,
				49A30C561CC7975700359888 /* AppDelegate.swift in Sources */,
			);
			runOnlyForDeploymentPostprocessing = 0;
		};
		49A30C621CC7975800359888 /* Sources */ = {
			isa = PBXSourcesBuildPhase;
			buildActionMask = 2147483647;
			files = (
				49A30C6B1CC7975800359888 /* MinesweeperTests.swift in Sources */,
			);
			runOnlyForDeploymentPostprocessing = 0;
		};
		49A30C6D1CC7975800359888 /* Sources */ = {
			isa = PBXSourcesBuildPhase;
			buildActionMask = 2147483647;
			files = (
				49A30C761CC7975800359888 /* MinesweeperUITests.swift in Sources */,
			);
			runOnlyForDeploymentPostprocessing = 0;
		};
		49A30C851CC7975800359888 /* Sources */ = {
			isa = PBXSourcesBuildPhase;
			buildActionMask = 2147483647;
			files = (
				49A30CAD1CC7D27B00359888 /* Point.swift in Sources */,
				49A30CAA1CC79B8000359888 /* Minesweeper.swift in Sources */,
				49A30C911CC7975800359888 /* ExtensionDelegate.swift in Sources */,
				49A30C8F1CC7975800359888 /* InterfaceController.swift in Sources */,
			);
			runOnlyForDeploymentPostprocessing = 0;
		};
/* End PBXSourcesBuildPhase section */

/* Begin PBXTargetDependency section */
		49A30C681CC7975800359888 /* PBXTargetDependency */ = {
			isa = PBXTargetDependency;
			target = 49A30C511CC7975700359888 /* Minesweeper */;
			targetProxy = 49A30C671CC7975800359888 /* PBXContainerItemProxy */;
		};
		49A30C731CC7975800359888 /* PBXTargetDependency */ = {
			isa = PBXTargetDependency;
			target = 49A30C511CC7975700359888 /* Minesweeper */;
			targetProxy = 49A30C721CC7975800359888 /* PBXContainerItemProxy */;
		};
		49A30C7D1CC7975800359888 /* PBXTargetDependency */ = {
			isa = PBXTargetDependency;
			target = 49A30C791CC7975800359888 /* Minesweeper WatchKit App */;
			targetProxy = 49A30C7C1CC7975800359888 /* PBXContainerItemProxy */;
		};
		49A30C8C1CC7975800359888 /* PBXTargetDependency */ = {
			isa = PBXTargetDependency;
			target = 49A30C881CC7975800359888 /* Minesweeper WatchKit Extension */;
			targetProxy = 49A30C8B1CC7975800359888 /* PBXContainerItemProxy */;
		};
/* End PBXTargetDependency section */

/* Begin PBXVariantGroup section */
		49A30C591CC7975700359888 /* Main.storyboard */ = {
			isa = PBXVariantGroup;
			children = (
				49A30C5A1CC7975700359888 /* Base */,
			);
			name = Main.storyboard;
			sourceTree = "<group>";
		};
		49A30C5E1CC7975700359888 /* LaunchScreen.storyboard */ = {
			isa = PBXVariantGroup;
			children = (
				49A30C5F1CC7975700359888 /* Base */,
			);
			name = LaunchScreen.storyboard;
			sourceTree = "<group>";
		};
		49A30C7F1CC7975800359888 /* Interface.storyboard */ = {
			isa = PBXVariantGroup;
			children = (
				49A30C801CC7975800359888 /* Base */,
			);
			name = Interface.storyboard;
			sourceTree = "<group>";
		};
/* End PBXVariantGroup section */

/* Begin XCBuildConfiguration section */
		49A30C951CC7975900359888 /* Debug */ = {
			isa = XCBuildConfiguration;
			buildSettings = {
				ALWAYS_SEARCH_USER_PATHS = NO;
				CLANG_CXX_LANGUAGE_STANDARD = "gnu++0x";
				CLANG_CXX_LIBRARY = "libc++";
				CLANG_ENABLE_MODULES = YES;
				CLANG_ENABLE_OBJC_ARC = YES;
				CLANG_WARN_BLOCK_CAPTURE_AUTORELEASING = YES;
				CLANG_WARN_BOOL_CONVERSION = YES;
				CLANG_WARN_COMMA = YES;
				CLANG_WARN_CONSTANT_CONVERSION = YES;
				CLANG_WARN_DEPRECATED_OBJC_IMPLEMENTATIONS = YES;
				CLANG_WARN_DIRECT_OBJC_ISA_USAGE = YES_ERROR;
				CLANG_WARN_EMPTY_BODY = YES;
				CLANG_WARN_ENUM_CONVERSION = YES;
				CLANG_WARN_INFINITE_RECURSION = YES;
				CLANG_WARN_INT_CONVERSION = YES;
				CLANG_WARN_NON_LITERAL_NULL_CONVERSION = YES;
				CLANG_WARN_OBJC_IMPLICIT_RETAIN_SELF = YES;
				CLANG_WARN_OBJC_LITERAL_CONVERSION = YES;
				CLANG_WARN_OBJC_ROOT_CLASS = YES_ERROR;
				CLANG_WARN_RANGE_LOOP_ANALYSIS = YES;
				CLANG_WARN_STRICT_PROTOTYPES = YES;
				CLANG_WARN_SUSPICIOUS_MOVE = YES;
				CLANG_WARN_UNREACHABLE_CODE = YES;
				CLANG_WARN__DUPLICATE_METHOD_MATCH = YES;
				"CODE_SIGN_IDENTITY[sdk=iphoneos*]" = "iPhone Developer";
				COPY_PHASE_STRIP = NO;
				DEBUG_INFORMATION_FORMAT = dwarf;
				ENABLE_STRICT_OBJC_MSGSEND = YES;
				ENABLE_TESTABILITY = YES;
				GCC_C_LANGUAGE_STANDARD = gnu99;
				GCC_DYNAMIC_NO_PIC = NO;
				GCC_NO_COMMON_BLOCKS = YES;
				GCC_OPTIMIZATION_LEVEL = 0;
				GCC_PREPROCESSOR_DEFINITIONS = (
					"DEBUG=1",
					"$(inherited)",
				);
				GCC_WARN_64_TO_32_BIT_CONVERSION = YES;
				GCC_WARN_ABOUT_RETURN_TYPE = YES_ERROR;
				GCC_WARN_UNDECLARED_SELECTOR = YES;
				GCC_WARN_UNINITIALIZED_AUTOS = YES_AGGRESSIVE;
				GCC_WARN_UNUSED_FUNCTION = YES;
				GCC_WARN_UNUSED_VARIABLE = YES;
				IPHONEOS_DEPLOYMENT_TARGET = 12.1;
				MTL_ENABLE_DEBUG_INFO = YES;
				ONLY_ACTIVE_ARCH = YES;
				SDKROOT = iphoneos;
				SWIFT_OPTIMIZATION_LEVEL = "-Onone";
			};
			name = Debug;
		};
		49A30C961CC7975900359888 /* Release */ = {
			isa = XCBuildConfiguration;
			buildSettings = {
				ALWAYS_SEARCH_USER_PATHS = NO;
				CLANG_CXX_LANGUAGE_STANDARD = "gnu++0x";
				CLANG_CXX_LIBRARY = "libc++";
				CLANG_ENABLE_MODULES = YES;
				CLANG_ENABLE_OBJC_ARC = YES;
				CLANG_WARN_BLOCK_CAPTURE_AUTORELEASING = YES;
				CLANG_WARN_BOOL_CONVERSION = YES;
				CLANG_WARN_COMMA = YES;
				CLANG_WARN_CONSTANT_CONVERSION = YES;
				CLANG_WARN_DEPRECATED_OBJC_IMPLEMENTATIONS = YES;
				CLANG_WARN_DIRECT_OBJC_ISA_USAGE = YES_ERROR;
				CLANG_WARN_EMPTY_BODY = YES;
				CLANG_WARN_ENUM_CONVERSION = YES;
				CLANG_WARN_INFINITE_RECURSION = YES;
				CLANG_WARN_INT_CONVERSION = YES;
				CLANG_WARN_NON_LITERAL_NULL_CONVERSION = YES;
				CLANG_WARN_OBJC_IMPLICIT_RETAIN_SELF = YES;
				CLANG_WARN_OBJC_LITERAL_CONVERSION = YES;
				CLANG_WARN_OBJC_ROOT_CLASS = YES_ERROR;
				CLANG_WARN_RANGE_LOOP_ANALYSIS = YES;
				CLANG_WARN_STRICT_PROTOTYPES = YES;
				CLANG_WARN_SUSPICIOUS_MOVE = YES;
				CLANG_WARN_UNREACHABLE_CODE = YES;
				CLANG_WARN__DUPLICATE_METHOD_MATCH = YES;
				"CODE_SIGN_IDENTITY[sdk=iphoneos*]" = "iPhone Developer";
				COPY_PHASE_STRIP = NO;
				DEBUG_INFORMATION_FORMAT = "dwarf-with-dsym";
				ENABLE_NS_ASSERTIONS = NO;
				ENABLE_STRICT_OBJC_MSGSEND = YES;
				GCC_C_LANGUAGE_STANDARD = gnu99;
				GCC_NO_COMMON_BLOCKS = YES;
				GCC_WARN_64_TO_32_BIT_CONVERSION = YES;
				GCC_WARN_ABOUT_RETURN_TYPE = YES_ERROR;
				GCC_WARN_UNDECLARED_SELECTOR = YES;
				GCC_WARN_UNINITIALIZED_AUTOS = YES_AGGRESSIVE;
				GCC_WARN_UNUSED_FUNCTION = YES;
				GCC_WARN_UNUSED_VARIABLE = YES;
				IPHONEOS_DEPLOYMENT_TARGET = 12.1;
				MTL_ENABLE_DEBUG_INFO = NO;
				SDKROOT = iphoneos;
				SWIFT_OPTIMIZATION_LEVEL = "-Owholemodule";
				VALIDATE_PRODUCT = YES;
			};
			name = Release;
		};
		49A30C981CC7975900359888 /* Debug */ = {
			isa = XCBuildConfiguration;
			buildSettings = {
				DEVELOPMENT_TEAM = FH8M85Z3U4;
				INFOPLIST_FILE = "Minesweeper WatchKit Extension/Info.plist";
				LD_RUNPATH_SEARCH_PATHS = "$(inherited) @executable_path/Frameworks @executable_path/../../Frameworks";
				PRODUCT_BUNDLE_IDENTIFIER = uk.ac.chester.Minesweeper.watchkitapp.watchkitextension;
				PRODUCT_NAME = "${TARGET_NAME}";
				SDKROOT = watchos;
				SKIP_INSTALL = YES;
				SWIFT_SWIFT3_OBJC_INFERENCE = Default;
				SWIFT_VERSION = 4.0;
				TARGETED_DEVICE_FAMILY = 4;
				WATCHOS_DEPLOYMENT_TARGET = 2.1;
			};
			name = Debug;
		};
		49A30C991CC7975900359888 /* Release */ = {
			isa = XCBuildConfiguration;
			buildSettings = {
				DEVELOPMENT_TEAM = FH8M85Z3U4;
				INFOPLIST_FILE = "Minesweeper WatchKit Extension/Info.plist";
				LD_RUNPATH_SEARCH_PATHS = "$(inherited) @executable_path/Frameworks @executable_path/../../Frameworks";
				PRODUCT_BUNDLE_IDENTIFIER = uk.ac.chester.Minesweeper.watchkitapp.watchkitextension;
				PRODUCT_NAME = "${TARGET_NAME}";
				SDKROOT = watchos;
				SKIP_INSTALL = YES;
				SWIFT_SWIFT3_OBJC_INFERENCE = Default;
				SWIFT_VERSION = 4.0;
				TARGETED_DEVICE_FAMILY = 4;
				WATCHOS_DEPLOYMENT_TARGET = 2.1;
			};
			name = Release;
		};
		49A30C9C1CC7975900359888 /* Debug */ = {
			isa = XCBuildConfiguration;
			buildSettings = {
				ALWAYS_EMBED_SWIFT_STANDARD_LIBRARIES = YES;
				ASSETCATALOG_COMPILER_APPICON_NAME = AppIcon;
				DEVELOPMENT_TEAM = FH8M85Z3U4;
				IBSC_MODULE = Minesweeper_WatchKit_Extension;
				INFOPLIST_FILE = "Minesweeper WatchKit App/Info.plist";
				PRODUCT_BUNDLE_IDENTIFIER = uk.ac.chester.Minesweeper.watchkitapp;
				PRODUCT_NAME = "$(TARGET_NAME)";
				SDKROOT = watchos;
				SKIP_INSTALL = YES;
				SWIFT_SWIFT3_OBJC_INFERENCE = On;
				SWIFT_VERSION = 4.0;
				TARGETED_DEVICE_FAMILY = 4;
				WATCHOS_DEPLOYMENT_TARGET = 2.1;
			};
			name = Debug;
		};
		49A30C9D1CC7975900359888 /* Release */ = {
			isa = XCBuildConfiguration;
			buildSettings = {
				ALWAYS_EMBED_SWIFT_STANDARD_LIBRARIES = YES;
				ASSETCATALOG_COMPILER_APPICON_NAME = AppIcon;
				DEVELOPMENT_TEAM = FH8M85Z3U4;
				IBSC_MODULE = Minesweeper_WatchKit_Extension;
				INFOPLIST_FILE = "Minesweeper WatchKit App/Info.plist";
				PRODUCT_BUNDLE_IDENTIFIER = uk.ac.chester.Minesweeper.watchkitapp;
				PRODUCT_NAME = "$(TARGET_NAME)";
				SDKROOT = watchos;
				SKIP_INSTALL = YES;
				SWIFT_SWIFT3_OBJC_INFERENCE = On;
				SWIFT_VERSION = 4.0;
				TARGETED_DEVICE_FAMILY = 4;
				WATCHOS_DEPLOYMENT_TARGET = 2.1;
			};
			name = Release;
		};
		49A30CA01CC7975900359888 /* Debug */ = {
			isa = XCBuildConfiguration;
			buildSettings = {
				ASSETCATALOG_COMPILER_APPICON_NAME = AppIcon;
				DEVELOPMENT_TEAM = FH8M85Z3U4;
				INFOPLIST_FILE = Minesweeper/Info.plist;
				IPHONEOS_DEPLOYMENT_TARGET = 12.1;
				LD_RUNPATH_SEARCH_PATHS = "$(inherited) @executable_path/Frameworks";
				PRODUCT_BUNDLE_IDENTIFIER = uk.ac.chester.Minesweeper;
				PRODUCT_NAME = "$(TARGET_NAME)";
				SWIFT_SWIFT3_OBJC_INFERENCE = Default;
				SWIFT_VERSION = 4.0;
			};
			name = Debug;
		};
		49A30CA11CC7975900359888 /* Release */ = {
			isa = XCBuildConfiguration;
			buildSettings = {
				ASSETCATALOG_COMPILER_APPICON_NAME = AppIcon;
				DEVELOPMENT_TEAM = FH8M85Z3U4;
				INFOPLIST_FILE = Minesweeper/Info.plist;
				IPHONEOS_DEPLOYMENT_TARGET = 12.1;
				LD_RUNPATH_SEARCH_PATHS = "$(inherited) @executable_path/Frameworks";
				PRODUCT_BUNDLE_IDENTIFIER = uk.ac.chester.Minesweeper;
				PRODUCT_NAME = "$(TARGET_NAME)";
				SWIFT_SWIFT3_OBJC_INFERENCE = Default;
				SWIFT_VERSION = 4.0;
			};
			name = Release;
		};
		49A30CA31CC7975900359888 /* Debug */ = {
			isa = XCBuildConfiguration;
			buildSettings = {
				BUNDLE_LOADER = "$(TEST_HOST)";
				INFOPLIST_FILE = MinesweeperTests/Info.plist;
				LD_RUNPATH_SEARCH_PATHS = "$(inherited) @executable_path/Frameworks @loader_path/Frameworks";
				PRODUCT_BUNDLE_IDENTIFIER = uk.ac.chester.MinesweeperTests;
				PRODUCT_NAME = "$(TARGET_NAME)";
				TEST_HOST = "$(BUILT_PRODUCTS_DIR)/Minesweeper.app/Minesweeper";
			};
			name = Debug;
		};
		49A30CA41CC7975900359888 /* Release */ = {
			isa = XCBuildConfiguration;
			buildSettings = {
				BUNDLE_LOADER = "$(TEST_HOST)";
				INFOPLIST_FILE = MinesweeperTests/Info.plist;
				LD_RUNPATH_SEARCH_PATHS = "$(inherited) @executable_path/Frameworks @loader_path/Frameworks";
				PRODUCT_BUNDLE_IDENTIFIER = uk.ac.chester.MinesweeperTests;
				PRODUCT_NAME = "$(TARGET_NAME)";
				TEST_HOST = "$(BUILT_PRODUCTS_DIR)/Minesweeper.app/Minesweeper";
			};
			name = Release;
		};
		49A30CA61CC7975900359888 /* Debug */ = {
			isa = XCBuildConfiguration;
			buildSettings = {
				INFOPLIST_FILE = MinesweeperUITests/Info.plist;
				LD_RUNPATH_SEARCH_PATHS = "$(inherited) @executable_path/Frameworks @loader_path/Frameworks";
				PRODUCT_BUNDLE_IDENTIFIER = uk.ac.chester.MinesweeperUITests;
				PRODUCT_NAME = "$(TARGET_NAME)";
				TEST_TARGET_NAME = Minesweeper;
				USES_XCTRUNNER = YES;
			};
			name = Debug;
		};
		49A30CA71CC7975900359888 /* Release */ = {
			isa = XCBuildConfiguration;
			buildSettings = {
				INFOPLIST_FILE = MinesweeperUITests/Info.plist;
				LD_RUNPATH_SEARCH_PATHS = "$(inherited) @executable_path/Frameworks @loader_path/Frameworks";
				PRODUCT_BUNDLE_IDENTIFIER = uk.ac.chester.MinesweeperUITests;
				PRODUCT_NAME = "$(TARGET_NAME)";
				TEST_TARGET_NAME = Minesweeper;
				USES_XCTRUNNER = YES;
			};
			name = Release;
		};
/* End XCBuildConfiguration section */

/* Begin XCConfigurationList section */
		49A30C4D1CC7975700359888 /* Build configuration list for PBXProject "Minesweeper" */ = {
			isa = XCConfigurationList;
			buildConfigurations = (
				49A30C951CC7975900359888 /* Debug */,
				49A30C961CC7975900359888 /* Release */,
			);
			defaultConfigurationIsVisible = 0;
			defaultConfigurationName = Release;
		};
		49A30C971CC7975900359888 /* Build configuration list for PBXNativeTarget "Minesweeper WatchKit Extension" */ = {
			isa = XCConfigurationList;
			buildConfigurations = (
				49A30C981CC7975900359888 /* Debug */,
				49A30C991CC7975900359888 /* Release */,
			);
			defaultConfigurationIsVisible = 0;
			defaultConfigurationName = Release;
		};
		49A30C9B1CC7975900359888 /* Build configuration list for PBXNativeTarget "Minesweeper WatchKit App" */ = {
			isa = XCConfigurationList;
			buildConfigurations = (
				49A30C9C1CC7975900359888 /* Debug */,
				49A30C9D1CC7975900359888 /* Release */,
			);
			defaultConfigurationIsVisible = 0;
			defaultConfigurationName = Release;
		};
		49A30C9F1CC7975900359888 /* Build configuration list for PBXNativeTarget "Minesweeper" */ = {
			isa = XCConfigurationList;
			buildConfigurations = (
				49A30CA01CC7975900359888 /* Debug */,
				49A30CA11CC7975900359888 /* Release */,
			);
			defaultConfigurationIsVisible = 0;
			defaultConfigurationName = Release;
		};
		49A30CA21CC7975900359888 /* Build configuration list for PBXNativeTarget "MinesweeperTests" */ = {
			isa = XCConfigurationList;
			buildConfigurations = (
				49A30CA31CC7975900359888 /* Debug */,
				49A30CA41CC7975900359888 /* Release */,
			);
			defaultConfigurationIsVisible = 0;
			defaultConfigurationName = Release;
		};
		49A30CA51CC7975900359888 /* Build configuration list for PBXNativeTarget "MinesweeperUITests" */ = {
			isa = XCConfigurationList;
			buildConfigurations = (
				49A30CA61CC7975900359888 /* Debug */,
				49A30CA71CC7975900359888 /* Release */,
			);
			defaultConfigurationIsVisible = 0;
			defaultConfigurationName = Release;
		};
/* End XCConfigurationList section */
	};
	rootObject = 49A30C4A1CC7975700359888 /* Project object */;
}
